
Microsoft Visual Studio Solution File, Format Version 12.00
# Visual Studio Version 16
VisualStudioVersion = 16.0.30907.101
MinimumVisualStudioVersion = 10.0.40219.1
Project("{9A19103F-16F7-4668-BE54-9A1E7A4F7556}") = "Employee", "Employee.csproj", "{F841BE75-E832-4FDC-9716-BD691CA70F3C}"
EndProject
Global
	GlobalSection(SolutionConfigurationPlatforms) = preSolution
		Debug|Any CPU = Debug|Any CPU
		Release|Any CPU = Release|Any CPU
	EndGlobalSection
	GlobalSection(ProjectConfigurationPlatforms) = postSolution
		{F841BE75-E832-4FDC-9716-BD691CA70F3C}.Debug|Any CPU.ActiveCfg = Debug|Any CPU
		{F841BE75-E832-4FDC-9716-BD691CA70F3C}.Debug|Any CPU.Build.0 = Debug|Any CPU
		{F841BE75-E832-4FDC-9716-BD691CA70F3C}.Release|Any CPU.ActiveCfg = Release|Any CPU
		{F841BE75-E832-4FDC-9716-BD691CA70F3C}.Release|Any CPU.Build.0 = Release|Any CPU
	EndGlobalSection
	GlobalSection(SolutionProperties) = preSolution
		HideSolutionNode = FALSE
	EndGlobalSection
	GlobalSection(ExtensibilityGlobals) = postSolution
		SolutionGuid = {0B65284C-B91E-44C6-8B15-FCF19D7D8939}
	EndGlobalSection
EndGlobal
